PODS:
  - Charts (4.1.0):
    - Charts/Core (= 4.1.0)
  - Charts/Core (4.1.0):
    - SwiftAlgorithms (~> 1.0)
  - SVProgressHUD (2.2.5)
  - SwiftAlgorithms (1.0.0)

DEPENDENCIES:
  - Charts
  - SVProgressHUD

SPEC REPOS:
  trunk:
    - Charts
    - SVProgressHUD
    - SwiftAlgorithms

SPEC CHECKSUMS:
  Charts: 354f86803d11d9c35de280587fef50d1af063978
  SVProgressHUD: 1428aafac632c1f86f62aa4243ec12008d7a51d6
  SwiftAlgorithms: 38dda4731d19027fdeee1125f973111bf3386b53

PODFILE CHECKSUM: 261a506eaedbdf14b62dbd78770c8875f1810cce

COCOAPODS: 1.11.3
